
Microsoft Visual Studio Solution File, Format Version 12.00
# Visual Studio Version 16
VisualStudioVersion = 16.0.30523.141
MinimumVisualStudioVersion = 10.0.40219.1
Project("{9A19103F-16F7-4668-BE54-9A1E7A4F7556}") = "BasicShopWebAPI.MainApp", "BasicShopWebAPI.MainApp\BasicShopWebAPI.MainApp.csproj", "{F84AFDBB-A9E6-4AAC-A034-D6F9C1FB06A6}"
EndProject
Project("{FAE04EC0-301F-11D3-BF4B-00C04F79EFBC}") = "BasicShopWebAPI.Data", "BasicShopWebAPI.Data\BasicShopWebAPI.Data.csproj", "{8C1DD371-92AB-4C58-8D55-E3BD95517A8D}"
EndProject
Project("{FAE04EC0-301F-11D3-BF4B-00C04F79EFBC}") = "BasicShopWebAPI.Application", "BasicShopWebAPI.Application\BasicShopWebAPI.Application.csproj", "{C8B3011D-2206-4190-8B21-2DEEDC06AC7B}"
EndProject
Global
	GlobalSection(SolutionConfigurationPlatforms) = preSolution
		Debug|Any CPU = Debug|Any CPU
		Release|Any CPU = Release|Any CPU
	EndGlobalSection
	GlobalSection(ProjectConfigurationPlatforms) = postSolution
		{F84AFDBB-A9E6-4AAC-A034-D6F9C1FB06A6}.Debug|Any CPU.ActiveCfg = Debug|Any CPU
		{F84AFDBB-A9E6-4AAC-A034-D6F9C1FB06A6}.Debug|Any CPU.Build.0 = Debug|Any CPU
		{F84AFDBB-A9E6-4AAC-A034-D6F9C1FB06A6}.Release|Any CPU.ActiveCfg = Release|Any CPU
		{F84AFDBB-A9E6-4AAC-A034-D6F9C1FB06A6}.Release|Any CPU.Build.0 = Release|Any CPU
		{8C1DD371-92AB-4C58-8D55-E3BD95517A8D}.Debug|Any CPU.ActiveCfg = Debug|Any CPU
		{8C1DD371-92AB-4C58-8D55-E3BD95517A8D}.Debug|Any CPU.Build.0 = Debug|Any CPU
		{8C1DD371-92AB-4C58-8D55-E3BD95517A8D}.Release|Any CPU.ActiveCfg = Release|Any CPU
		{8C1DD371-92AB-4C58-8D55-E3BD95517A8D}.Release|Any CPU.Build.0 = Release|Any CPU
		{C8B3011D-2206-4190-8B21-2DEEDC06AC7B}.Debug|Any CPU.ActiveCfg = Debug|Any CPU
		{C8B3011D-2206-4190-8B21-2DEEDC06AC7B}.Debug|Any CPU.Build.0 = Debug|Any CPU
		{C8B3011D-2206-4190-8B21-2DEEDC06AC7B}.Release|Any CPU.ActiveCfg = Release|Any CPU
		{C8B3011D-2206-4190-8B21-2DEEDC06AC7B}.Release|Any CPU.Build.0 = Release|Any CPU
	EndGlobalSection
	GlobalSection(SolutionProperties) = preSolution
		HideSolutionNode = FALSE
	EndGlobalSection
	GlobalSection(ExtensibilityGlobals) = postSolution
		SolutionGuid = {CF336DB1-FBC3-4E46-B1C4-740FC6A43934}
	EndGlobalSection
EndGlobal
